
Microsoft Visual Studio Solution File, Format Version 12.00
# Visual Studio 15
VisualStudioVersion = 15.0.28307.1145
MinimumVisualStudioVersion = 10.0.40219.1
Project("{FAE04EC0-301F-11D3-BF4B-00C04F79EFBC}") = "ProductListModule", "ProductListModule\ProductListModule.csproj", "{1E468353-8A9B-436D-B9D7-A42C8A042C9F}"
EndProject
Global
	GlobalSection(SolutionConfigurationPlatforms) = preSolution
		Debug|Any CPU = Debug|Any CPU
		Release|Any CPU = Release|Any CPU
	EndGlobalSection
	GlobalSection(ProjectConfigurationPlatforms) = postSolution
		{1E468353-8A9B-436D-B9D7-A42C8A042C9F}.Debug|Any CPU.ActiveCfg = Debug|Any CPU
		{1E468353-8A9B-436D-B9D7-A42C8A042C9F}.Debug|Any CPU.Build.0 = Debug|Any CPU
		{1E468353-8A9B-436D-B9D7-A42C8A042C9F}.Release|Any CPU.ActiveCfg = Release|Any CPU
		{1E468353-8A9B-436D-B9D7-A42C8A042C9F}.Release|Any CPU.Build.0 = Release|Any CPU
	EndGlobalSection
	GlobalSection(SolutionProperties) = preSolution
		HideSolutionNode = FALSE
	EndGlobalSection
	GlobalSection(ExtensibilityGlobals) = postSolution
		SolutionGuid = {FD71B3BD-46FD-4682-A264-4634C0AA2B47}
	EndGlobalSection
EndGlobal
